Microsoft Visual Studio Solution File, Format Version 12.00
# Visual Studio 2012
Project("{FAE04EC0-301F-11D3-BF4B-00C04F79EFBC}") = "Witchpixels.GodotOmniBuilder.TestProject", "Witchpixels.GodotOmniBuilder.TestProject.csproj", "{562B7005-1768-44E3-AC2E-3E980159926E}"
EndProject
Global
	GlobalSection(SolutionConfigurationPlatforms) = preSolution
	Debug|Any CPU = Debug|Any CPU
	ExportDebug|Any CPU = ExportDebug|Any CPU
	ExportRelease|Any CPU = ExportRelease|Any CPU
	EndGlobalSection
	GlobalSection(ProjectConfigurationPlatforms) = postSolution
		{562B7005-1768-44E3-AC2E-3E980159926E}.Debug|Any CPU.ActiveCfg = Debug|Any CPU
		{562B7005-1768-44E3-AC2E-3E980159926E}.Debug|Any CPU.Build.0 = Debug|Any CPU
		{562B7005-1768-44E3-AC2E-3E980159926E}.ExportDebug|Any CPU.ActiveCfg = ExportDebug|Any CPU
		{562B7005-1768-44E3-AC2E-3E980159926E}.ExportDebug|Any CPU.Build.0 = ExportDebug|Any CPU
		{562B7005-1768-44E3-AC2E-3E980159926E}.ExportRelease|Any CPU.ActiveCfg = ExportRelease|Any CPU
		{562B7005-1768-44E3-AC2E-3E980159926E}.ExportRelease|Any CPU.Build.0 = ExportRelease|Any CPU
	EndGlobalSection
EndGlobal
